
Microsoft Visual Studio Solution File, Format Version 12.00
# Visual Studio Version 16
VisualStudioVersion = 16.0.32929.386
MinimumVisualStudioVersion = 10.0.40219.1
Project("{8BC9CEB8-8B4A-11D0-8D11-00A0C91BC942}") = "Wordle", "Wordle\Wordle.vcxproj", "{08381B2D-8314-433E-BF45-DA2A8120CD1C}"
	ProjectSection(ProjectDependencies) = postProject
		{D9311C7B-2922-4CF7-B675-E852437E5AF1} = {D9311C7B-2922-4CF7-B675-E852437E5AF1}
		{68C3E485-470B-472E-9037-D5C55E2C3445} = {68C3E485-470B-472E-9037-D5C55E2C3445}
	EndProjectSection
EndProject
Project("{8BC9CEB8-8B4A-11D0-8D11-00A0C91BC942}") = "WordleAPI", "WordleAPI\WordleAPI.vcxproj", "{68C3E485-470B-472E-9037-D5C55E2C3445}"
EndProject
Project("{8BC9CEB8-8B4A-11D0-8D11-00A0C91BC942}") = "WordleBot", "WordleBot\WordleBot.vcxproj", "{D9311C7B-2922-4CF7-B675-E852437E5AF1}"
	ProjectSection(ProjectDependencies) = postProject
		{68C3E485-470B-472E-9037-D5C55E2C3445} = {68C3E485-470B-472E-9037-D5C55E2C3445}
	EndProjectSection
EndProject
Project("{2150E333-8FDC-42A3-9474-1A3956D46DE8}") = "Solution Items", "Solution Items", "{23D102BA-00DD-4B01-B0B5-E781D23E7659}"
EndProject
Project("{2150E333-8FDC-42A3-9474-1A3956D46DE8}") = "Dependencies", "Dependencies", "{26A72D42-5B46-4528-BD79-3F03B1FDA3F2}"
EndProject
Project("{2150E333-8FDC-42A3-9474-1A3956D46DE8}") = "glm", "glm", "{3D2C8559-BF61-4B18-BDAB-F077070CEE5C}"
	ProjectSection(SolutionItems) = preProject
		Solution Items\Dependencies\glm\common.hpp = Solution Items\Dependencies\glm\common.hpp
		Solution Items\Dependencies\glm\copying.txt = Solution Items\Dependencies\glm\copying.txt
		Solution Items\Dependencies\glm\exponential.hpp = Solution Items\Dependencies\glm\exponential.hpp
		Solution Items\Dependencies\glm\ext.hpp = Solution Items\Dependencies\glm\ext.hpp
		Solution Items\Dependencies\glm\fwd.hpp = Solution Items\Dependencies\glm\fwd.hpp
		Solution Items\Dependencies\glm\geometric.hpp = Solution Items\Dependencies\glm\geometric.hpp
		Solution Items\Dependencies\glm\glm.hpp = Solution Items\Dependencies\glm\glm.hpp
		Solution Items\Dependencies\glm\integer.hpp = Solution Items\Dependencies\glm\integer.hpp
		Solution Items\Dependencies\glm\mat2x2.hpp = Solution Items\Dependencies\glm\mat2x2.hpp
		Solution Items\Dependencies\glm\mat2x3.hpp = Solution Items\Dependencies\glm\mat2x3.hpp
		Solution Items\Dependencies\glm\mat2x4.hpp = Solution Items\Dependencies\glm\mat2x4.hpp
		Solution Items\Dependencies\glm\mat3x2.hpp = Solution Items\Dependencies\glm\mat3x2.hpp
		Solution Items\Dependencies\glm\mat3x3.hpp = Solution Items\Dependencies\glm\mat3x3.hpp
		Solution Items\Dependencies\glm\mat3x4.hpp = Solution Items\Dependencies\glm\mat3x4.hpp
		Solution Items\Dependencies\glm\mat4x2.hpp = Solution Items\Dependencies\glm\mat4x2.hpp
		Solution Items\Dependencies\glm\mat4x3.hpp = Solution Items\Dependencies\glm\mat4x3.hpp
		Solution Items\Dependencies\glm\mat4x4.hpp = Solution Items\Dependencies\glm\mat4x4.hpp
		Solution Items\Dependencies\glm\matrix.hpp = Solution Items\Dependencies\glm\matrix.hpp
		Solution Items\Dependencies\glm\packing.hpp = Solution Items\Dependencies\glm\packing.hpp
		Solution Items\Dependencies\glm\trigonometric.hpp = Solution Items\Dependencies\glm\trigonometric.hpp
		Solution Items\Dependencies\glm\vec2.hpp = Solution Items\Dependencies\glm\vec2.hpp
		Solution Items\Dependencies\glm\vec3.hpp = Solution Items\Dependencies\glm\vec3.hpp
		Solution Items\Dependencies\glm\vec4.hpp = Solution Items\Dependencies\glm\vec4.hpp
		Solution Items\Dependencies\glm\vector_relational.hpp = Solution Items\Dependencies\glm\vector_relational.hpp
	EndProjectSection
EndProject
Project("{2150E333-8FDC-42A3-9474-1A3956D46DE8}") = "simd", "simd", "{C87AC09C-2AF2-4450-B925-E483613B55E0}"
	ProjectSection(SolutionItems) = preProject
		Solution Items\Dependencies\glm\simd\common.h = Solution Items\Dependencies\glm\simd\common.h
		Solution Items\Dependencies\glm\simd\exponential.h = Solution Items\Dependencies\glm\simd\exponential.h
		Solution Items\Dependencies\glm\simd\geometric.h = Solution Items\Dependencies\glm\simd\geometric.h
		Solution Items\Dependencies\glm\simd\integer.h = Solution Items\Dependencies\glm\simd\integer.h
		Solution Items\Dependencies\glm\simd\matrix.h = Solution Items\Dependencies\glm\simd\matrix.h
		Solution Items\Dependencies\glm\simd\neon.h = Solution Items\Dependencies\glm\simd\neon.h
		Solution Items\Dependencies\glm\simd\packing.h = Solution Items\Dependencies\glm\simd\packing.h
		Solution Items\Dependencies\glm\simd\platform.h = Solution Items\Dependencies\glm\simd\platform.h
		Solution Items\Dependencies\glm\simd\trigonometric.h = Solution Items\Dependencies\glm\simd\trigonometric.h
		Solution Items\Dependencies\glm\simd\vector_relational.h = Solution Items\Dependencies\glm\simd\vector_relational.h
	EndProjectSection
EndProject
Project("{2150E333-8FDC-42A3-9474-1A3956D46DE8}") = "gtx", "gtx", "{A79D8052-59D3-4F6A-9FFA-307739BE29B0}"
	ProjectSection(SolutionItems) = preProject
		Solution Items\Dependencies\glm\gtx\associated_min_max.hpp = Solution Items\Dependencies\glm\gtx\associated_min_max.hpp
		Solution Items\Dependencies\glm\gtx\associated_min_max.inl = Solution Items\Dependencies\glm\gtx\associated_min_max.inl
		Solution Items\Dependencies\glm\gtx\bit.hpp = Solution Items\Dependencies\glm\gtx\bit.hpp
		Solution Items\Dependencies\glm\gtx\bit.inl = Solution Items\Dependencies\glm\gtx\bit.inl
		Solution Items\Dependencies\glm\gtx\closest_point.hpp = Solution Items\Dependencies\glm\gtx\closest_point.hpp
		Solution Items\Dependencies\glm\gtx\closest_point.inl = Solution Items\Dependencies\glm\gtx\closest_point.inl
		Solution Items\Dependencies\glm\gtx\color_encoding.hpp = Solution Items\Dependencies\glm\gtx\color_encoding.hpp
		Solution Items\Dependencies\glm\gtx\color_encoding.inl = Solution Items\Dependencies\glm\gtx\color_encoding.inl
		Solution Items\Dependencies\glm\gtx\color_space.hpp = Solution Items\Dependencies\glm\gtx\color_space.hpp
		Solution Items\Dependencies\glm\gtx\color_space.inl = Solution Items\Dependencies\glm\gtx\color_space.inl
		Solution Items\Dependencies\glm\gtx\color_space_YCoCg.hpp = Solution Items\Dependencies\glm\gtx\color_space_YCoCg.hpp
		Solution Items\Dependencies\glm\gtx\color_space_YCoCg.inl = Solution Items\Dependencies\glm\gtx\color_space_YCoCg.inl
		Solution Items\Dependencies\glm\gtx\common.hpp = Solution Items\Dependencies\glm\gtx\common.hpp
		Solution Items\Dependencies\glm\gtx\common.inl = Solution Items\Dependencies\glm\gtx\common.inl
		Solution Items\Dependencies\glm\gtx\compatibility.hpp = Solution Items\Dependencies\glm\gtx\compatibility.hpp
		Solution Items\Dependencies\glm\gtx\compatibility.inl = Solution Items\Dependencies\glm\gtx\compatibility.inl
		Solution Items\Dependencies\glm\gtx\component_wise.hpp = Solution Items\Dependencies\glm\gtx\component_wise.hpp
		Solution Items\Dependencies\glm\gtx\component_wise.inl = Solution Items\Dependencies\glm\gtx\component_wise.inl
		Solution Items\Dependencies\glm\gtx\dual_quaternion.hpp = Solution Items\Dependencies\glm\gtx\dual_quaternion.hpp
		Solution Items\Dependencies\glm\gtx\dual_quaternion.inl = Solution Items\Dependencies\glm\gtx\dual_quaternion.inl
		Solution Items\Dependencies\glm\gtx\easing.hpp = Solution Items\Dependencies\glm\gtx\easing.hpp
		Solution Items\Dependencies\glm\gtx\easing.inl = Solution Items\Dependencies\glm\gtx\easing.inl
		Solution Items\Dependencies\glm\gtx\euler_angles.hpp = Solution Items\Dependencies\glm\gtx\euler_angles.hpp
		Solution Items\Dependencies\glm\gtx\euler_angles.inl = Solution Items\Dependencies\glm\gtx\euler_angles.inl
		Solution Items\Dependencies\glm\gtx\extend.hpp = Solution Items\Dependencies\glm\gtx\extend.hpp
		Solution Items\Dependencies\glm\gtx\extend.inl = Solution Items\Dependencies\glm\gtx\extend.inl
		Solution Items\Dependencies\glm\gtx\extended_min_max.hpp = Solution Items\Dependencies\glm\gtx\extended_min_max.hpp
		Solution Items\Dependencies\glm\gtx\extended_min_max.inl = Solution Items\Dependencies\glm\gtx\extended_min_max.inl
		Solution Items\Dependencies\glm\gtx\exterior_product.hpp = Solution Items\Dependencies\glm\gtx\exterior_product.hpp
		Solution Items\Dependencies\glm\gtx\exterior_product.inl = Solution Items\Dependencies\glm\gtx\exterior_product.inl
		Solution Items\Dependencies\glm\gtx\fast_exponential.hpp = Solution Items\Dependencies\glm\gtx\fast_exponential.hpp
		Solution Items\Dependencies\glm\gtx\fast_exponential.inl = Solution Items\Dependencies\glm\gtx\fast_exponential.inl
		Solution Items\Dependencies\glm\gtx\fast_square_root.hpp = Solution Items\Dependencies\glm\gtx\fast_square_root.hpp
		Solution Items\Dependencies\glm\gtx\fast_square_root.inl = Solution Items\Dependencies\glm\gtx\fast_square_root.inl
		Solution Items\Dependencies\glm\gtx\fast_trigonometry.hpp = Solution Items\Dependencies\glm\gtx\fast_trigonometry.hpp
		Solution Items\Dependencies\glm\gtx\fast_trigonometry.inl = Solution Items\Dependencies\glm\gtx\fast_trigonometry.inl
		Solution Items\Dependencies\glm\gtx\float_notmalize.inl = Solution Items\Dependencies\glm\gtx\float_notmalize.inl
		Solution Items\Dependencies\glm\gtx\functions.hpp = Solution Items\Dependencies\glm\gtx\functions.hpp
		Solution Items\Dependencies\glm\gtx\functions.inl = Solution Items\Dependencies\glm\gtx\functions.inl
		Solution Items\Dependencies\glm\gtx\gradient_paint.hpp = Solution Items\Dependencies\glm\gtx\gradient_paint.hpp
		Solution Items\Dependencies\glm\gtx\gradient_paint.inl = Solution Items\Dependencies\glm\gtx\gradient_paint.inl
		Solution Items\Dependencies\glm\gtx\handed_coordinate_space.hpp = Solution Items\Dependencies\glm\gtx\handed_coordinate_space.hpp
		Solution Items\Dependencies\glm\gtx\handed_coordinate_space.inl = Solution Items\Dependencies\glm\gtx\handed_coordinate_space.inl
		Solution Items\Dependencies\glm\gtx\hash.hpp = Solution Items\Dependencies\glm\gtx\hash.hpp
		Solution Items\Dependencies\glm\gtx\hash.inl = Solution Items\Dependencies\glm\gtx\hash.inl
		Solution Items\Dependencies\glm\gtx\integer.hpp = Solution Items\Dependencies\glm\gtx\integer.hpp
		Solution Items\Dependencies\glm\gtx\integer.inl = Solution Items\Dependencies\glm\gtx\integer.inl
		Solution Items\Dependencies\glm\gtx\intersect.hpp = Solution Items\Dependencies\glm\gtx\intersect.hpp
		Solution Items\Dependencies\glm\gtx\intersect.inl = Solution Items\Dependencies\glm\gtx\intersect.inl
		Solution Items\Dependencies\glm\gtx\io.hpp = Solution Items\Dependencies\glm\gtx\io.hpp
		Solution Items\Dependencies\glm\gtx\io.inl = Solution Items\Dependencies\glm\gtx\io.inl
		Solution Items\Dependencies\glm\gtx\log_base.hpp = Solution Items\Dependencies\glm\gtx\log_base.hpp
		Solution Items\Dependencies\glm\gtx\log_base.inl = Solution Items\Dependencies\glm\gtx\log_base.inl
		Solution Items\Dependencies\glm\gtx\matrix_cross_product.hpp = Solution Items\Dependencies\glm\gtx\matrix_cross_product.hpp
		Solution Items\Dependencies\glm\gtx\matrix_cross_product.inl = Solution Items\Dependencies\glm\gtx\matrix_cross_product.inl
		Solution Items\Dependencies\glm\gtx\matrix_decompose.hpp = Solution Items\Dependencies\glm\gtx\matrix_decompose.hpp
		Solution Items\Dependencies\glm\gtx\matrix_decompose.inl = Solution Items\Dependencies\glm\gtx\matrix_decompose.inl
		Solution Items\Dependencies\glm\gtx\matrix_factorisation.hpp = Solution Items\Dependencies\glm\gtx\matrix_factorisation.hpp
		Solution Items\Dependencies\glm\gtx\matrix_factorisation.inl = Solution Items\Dependencies\glm\gtx\matrix_factorisation.inl
		Solution Items\Dependencies\glm\gtx\matrix_interpolation.hpp = Solution Items\Dependencies\glm\gtx\matrix_interpolation.hpp
		Solution Items\Dependencies\glm\gtx\matrix_interpolation.inl = Solution Items\Dependencies\glm\gtx\matrix_interpolation.inl
		Solution Items\Dependencies\glm\gtx\matrix_major_storage.hpp = Solution Items\Dependencies\glm\gtx\matrix_major_storage.hpp
		Solution Items\Dependencies\glm\gtx\matrix_major_storage.inl = Solution Items\Dependencies\glm\gtx\matrix_major_storage.inl
		Solution Items\Dependencies\glm\gtx\matrix_operation.hpp = Solution Items\Dependencies\glm\gtx\matrix_operation.hpp
		Solution Items\Dependencies\glm\gtx\matrix_operation.inl = Solution Items\Dependencies\glm\gtx\matrix_operation.inl
		Solution Items\Dependencies\glm\gtx\matrix_query.hpp = Solution Items\Dependencies\glm\gtx\matrix_query.hpp
		Solution Items\Dependencies\glm\gtx\matrix_query.inl = Solution Items\Dependencies\glm\gtx\matrix_query.inl
		Solution Items\Dependencies\glm\gtx\matrix_transform_2d.hpp = Solution Items\Dependencies\glm\gtx\matrix_transform_2d.hpp
		Solution Items\Dependencies\glm\gtx\matrix_transform_2d.inl = Solution Items\Dependencies\glm\gtx\matrix_transform_2d.inl
		Solution Items\Dependencies\glm\gtx\mixed_product.hpp = Solution Items\Dependencies\glm\gtx\mixed_product.hpp
		Solution Items\Dependencies\glm\gtx\mixed_product.inl = Solution Items\Dependencies\glm\gtx\mixed_product.inl
		Solution Items\Dependencies\glm\gtx\norm.hpp = Solution Items\Dependencies\glm\gtx\norm.hpp
		Solution Items\Dependencies\glm\gtx\norm.inl = Solution Items\Dependencies\glm\gtx\norm.inl
		Solution Items\Dependencies\glm\gtx\normal.hpp = Solution Items\Dependencies\glm\gtx\normal.hpp
		Solution Items\Dependencies\glm\gtx\normal.inl = Solution Items\Dependencies\glm\gtx\normal.inl
		Solution Items\Dependencies\glm\gtx\normalize_dot.hpp = Solution Items\Dependencies\glm\gtx\normalize_dot.hpp
		Solution Items\Dependencies\glm\gtx\normalize_dot.inl = Solution Items\Dependencies\glm\gtx\normalize_dot.inl
		Solution Items\Dependencies\glm\gtx\number_precision.hpp = Solution Items\Dependencies\glm\gtx\number_precision.hpp
		Solution Items\Dependencies\glm\gtx\number_precision.inl = Solution Items\Dependencies\glm\gtx\number_precision.inl
		Solution Items\Dependencies\glm\gtx\optimum_pow.hpp = Solution Items\Dependencies\glm\gtx\optimum_pow.hpp
		Solution Items\Dependencies\glm\gtx\optimum_pow.inl = Solution Items\Dependencies\glm\gtx\optimum_pow.inl
		Solution Items\Dependencies\glm\gtx\orthonormalize.hpp = Solution Items\Dependencies\glm\gtx\orthonormalize.hpp
		Solution Items\Dependencies\glm\gtx\orthonormalize.inl = Solution Items\Dependencies\glm\gtx\orthonormalize.inl
		Solution Items\Dependencies\glm\gtx\pca.hpp = Solution Items\Dependencies\glm\gtx\pca.hpp
		Solution Items\Dependencies\glm\gtx\pca.inl = Solution Items\Dependencies\glm\gtx\pca.inl
		Solution Items\Dependencies\glm\gtx\perpendicular.hpp = Solution Items\Dependencies\glm\gtx\perpendicular.hpp
		Solution Items\Dependencies\glm\gtx\perpendicular.inl = Solution Items\Dependencies\glm\gtx\perpendicular.inl
		Solution Items\Dependencies\glm\gtx\polar_coordinates.hpp = Solution Items\Dependencies\glm\gtx\polar_coordinates.hpp
		Solution Items\Dependencies\glm\gtx\polar_coordinates.inl = Solution Items\Dependencies\glm\gtx\polar_coordinates.inl
		Solution Items\Dependencies\glm\gtx\projection.hpp = Solution Items\Dependencies\glm\gtx\projection.hpp
		Solution Items\Dependencies\glm\gtx\projection.inl = Solution Items\Dependencies\glm\gtx\projection.inl
		Solution Items\Dependencies\glm\gtx\quaternion.hpp = Solution Items\Dependencies\glm\gtx\quaternion.hpp
		Solution Items\Dependencies\glm\gtx\quaternion.inl = Solution Items\Dependencies\glm\gtx\quaternion.inl
		Solution Items\Dependencies\glm\gtx\range.hpp = Solution Items\Dependencies\glm\gtx\range.hpp
		Solution Items\Dependencies\glm\gtx\raw_data.hpp = Solution Items\Dependencies\glm\gtx\raw_data.hpp
		Solution Items\Dependencies\glm\gtx\raw_data.inl = Solution Items\Dependencies\glm\gtx\raw_data.inl
		Solution Items\Dependencies\glm\gtx\rotate_normalized_axis.hpp = Solution Items\Dependencies\glm\gtx\rotate_normalized_axis.hpp
		Solution Items\Dependencies\glm\gtx\rotate_normalized_axis.inl = Solution Items\Dependencies\glm\gtx\rotate_normalized_axis.inl
		Solution Items\Dependencies\glm\gtx\rotate_vector.hpp = Solution Items\Dependencies\glm\gtx\rotate_vector.hpp
		Solution Items\Dependencies\glm\gtx\rotate_vector.inl = Solution Items\Dependencies\glm\gtx\rotate_vector.inl
		Solution Items\Dependencies\glm\gtx\scalar_multiplication.hpp = Solution Items\Dependencies\glm\gtx\scalar_multiplication.hpp
		Solution Items\Dependencies\glm\gtx\scalar_relational.hpp = Solution Items\Dependencies\glm\gtx\scalar_relational.hpp
		Solution Items\Dependencies\glm\gtx\scalar_relational.inl = Solution Items\Dependencies\glm\gtx\scalar_relational.inl
		Solution Items\Dependencies\glm\gtx\spline.hpp = Solution Items\Dependencies\glm\gtx\spline.hpp
		Solution Items\Dependencies\glm\gtx\spline.inl = Solution Items\Dependencies\glm\gtx\spline.inl
		Solution Items\Dependencies\glm\gtx\std_based_type.hpp = Solution Items\Dependencies\glm\gtx\std_based_type.hpp
		Solution Items\Dependencies\glm\gtx\std_based_type.inl = Solution Items\Dependencies\glm\gtx\std_based_type.inl
		Solution Items\Dependencies\glm\gtx\string_cast.hpp = Solution Items\Dependencies\glm\gtx\string_cast.hpp
		Solution Items\Dependencies\glm\gtx\string_cast.inl = Solution Items\Dependencies\glm\gtx\string_cast.inl
		Solution Items\Dependencies\glm\gtx\texture.hpp = Solution Items\Dependencies\glm\gtx\texture.hpp
		Solution Items\Dependencies\glm\gtx\texture.inl = Solution Items\Dependencies\glm\gtx\texture.inl
		Solution Items\Dependencies\glm\gtx\transform.hpp = Solution Items\Dependencies\glm\gtx\transform.hpp
		Solution Items\Dependencies\glm\gtx\transform.inl = Solution Items\Dependencies\glm\gtx\transform.inl
		Solution Items\Dependencies\glm\gtx\transform2.hpp = Solution Items\Dependencies\glm\gtx\transform2.hpp
		Solution Items\Dependencies\glm\gtx\transform2.inl = Solution Items\Dependencies\glm\gtx\transform2.inl
		Solution Items\Dependencies\glm\gtx\type_aligned.hpp = Solution Items\Dependencies\glm\gtx\type_aligned.hpp
		Solution Items\Dependencies\glm\gtx\type_aligned.inl = Solution Items\Dependencies\glm\gtx\type_aligned.inl
		Solution Items\Dependencies\glm\gtx\type_trait.hpp = Solution Items\Dependencies\glm\gtx\type_trait.hpp
		Solution Items\Dependencies\glm\gtx\type_trait.inl = Solution Items\Dependencies\glm\gtx\type_trait.inl
		Solution Items\Dependencies\glm\gtx\vec_swizzle.hpp = Solution Items\Dependencies\glm\gtx\vec_swizzle.hpp
		Solution Items\Dependencies\glm\gtx\vector_angle.hpp = Solution Items\Dependencies\glm\gtx\vector_angle.hpp
		Solution Items\Dependencies\glm\gtx\vector_angle.inl = Solution Items\Dependencies\glm\gtx\vector_angle.inl
		Solution Items\Dependencies\glm\gtx\vector_query.hpp = Solution Items\Dependencies\glm\gtx\vector_query.hpp
		Solution Items\Dependencies\glm\gtx\vector_query.inl = Solution Items\Dependencies\glm\gtx\vector_query.inl
		Solution Items\Dependencies\glm\gtx\wrap.hpp = Solution Items\Dependencies\glm\gtx\wrap.hpp
		Solution Items\Dependencies\glm\gtx\wrap.inl = Solution Items\Dependencies\glm\gtx\wrap.inl
	EndProjectSection
EndProject
Project("{2150E333-8FDC-42A3-9474-1A3956D46DE8}") = "gtc", "gtc", "{C35E59D7-3876-4993-BB11-8BD229C6BCCB}"
	ProjectSection(SolutionItems) = preProject
		Solution Items\Dependencies\glm\gtc\bitfield.hpp = Solution Items\Dependencies\glm\gtc\bitfield.hpp
		Solution Items\Dependencies\glm\gtc\bitfield.inl = Solution Items\Dependencies\glm\gtc\bitfield.inl
		Solution Items\Dependencies\glm\gtc\color_space.hpp = Solution Items\Dependencies\glm\gtc\color_space.hpp
		Solution Items\Dependencies\glm\gtc\color_space.inl = Solution Items\Dependencies\glm\gtc\color_space.inl
		Solution Items\Dependencies\glm\gtc\constants.hpp = Solution Items\Dependencies\glm\gtc\constants.hpp
		Solution Items\Dependencies\glm\gtc\constants.inl = Solution Items\Dependencies\glm\gtc\constants.inl
		Solution Items\Dependencies\glm\gtc\epsilon.hpp = Solution Items\Dependencies\glm\gtc\epsilon.hpp
		Solution Items\Dependencies\glm\gtc\epsilon.inl = Solution Items\Dependencies\glm\gtc\epsilon.inl
		Solution Items\Dependencies\glm\gtc\integer.hpp = Solution Items\Dependencies\glm\gtc\integer.hpp
		Solution Items\Dependencies\glm\gtc\integer.inl = Solution Items\Dependencies\glm\gtc\integer.inl
		Solution Items\Dependencies\glm\gtc\matrix_access.hpp = Solution Items\Dependencies\glm\gtc\matrix_access.hpp
		Solution Items\Dependencies\glm\gtc\matrix_access.inl = Solution Items\Dependencies\glm\gtc\matrix_access.inl
		Solution Items\Dependencies\glm\gtc\matrix_integer.hpp = Solution Items\Dependencies\glm\gtc\matrix_integer.hpp
		Solution Items\Dependencies\glm\gtc\matrix_inverse.hpp = Solution Items\Dependencies\glm\gtc\matrix_inverse.hpp
		Solution Items\Dependencies\glm\gtc\matrix_inverse.inl = Solution Items\Dependencies\glm\gtc\matrix_inverse.inl
		Solution Items\Dependencies\glm\gtc\matrix_transform.hpp = Solution Items\Dependencies\glm\gtc\matrix_transform.hpp
		Solution Items\Dependencies\glm\gtc\matrix_transform.inl = Solution Items\Dependencies\glm\gtc\matrix_transform.inl
		Solution Items\Dependencies\glm\gtc\noise.hpp = Solution Items\Dependencies\glm\gtc\noise.hpp
		Solution Items\Dependencies\glm\gtc\noise.inl = Solution Items\Dependencies\glm\gtc\noise.inl
		Solution Items\Dependencies\glm\gtc\packing.hpp = Solution Items\Dependencies\glm\gtc\packing.hpp
		Solution Items\Dependencies\glm\gtc\packing.inl = Solution Items\Dependencies\glm\gtc\packing.inl
		Solution Items\Dependencies\glm\gtc\quaternion.hpp = Solution Items\Dependencies\glm\gtc\quaternion.hpp
		Solution Items\Dependencies\glm\gtc\quaternion.inl = Solution Items\Dependencies\glm\gtc\quaternion.inl
		Solution Items\Dependencies\glm\gtc\quaternion_simd.inl = Solution Items\Dependencies\glm\gtc\quaternion_simd.inl
		Solution Items\Dependencies\glm\gtc\random.hpp = Solution Items\Dependencies\glm\gtc\random.hpp
		Solution Items\Dependencies\glm\gtc\random.inl = Solution Items\Dependencies\glm\gtc\random.inl
		Solution Items\Dependencies\glm\gtc\reciprocal.hpp = Solution Items\Dependencies\glm\gtc\reciprocal.hpp
		Solution Items\Dependencies\glm\gtc\round.hpp = Solution Items\Dependencies\glm\gtc\round.hpp
		Solution Items\Dependencies\glm\gtc\round.inl = Solution Items\Dependencies\glm\gtc\round.inl
		Solution Items\Dependencies\glm\gtc\type_aligned.hpp = Solution Items\Dependencies\glm\gtc\type_aligned.hpp
		Solution Items\Dependencies\glm\gtc\type_precision.hpp = Solution Items\Dependencies\glm\gtc\type_precision.hpp
		Solution Items\Dependencies\glm\gtc\type_precision.inl = Solution Items\Dependencies\glm\gtc\type_precision.inl
		Solution Items\Dependencies\glm\gtc\type_ptr.hpp = Solution Items\Dependencies\glm\gtc\type_ptr.hpp
		Solution Items\Dependencies\glm\gtc\type_ptr.inl = Solution Items\Dependencies\glm\gtc\type_ptr.inl
		Solution Items\Dependencies\glm\gtc\ulp.hpp = Solution Items\Dependencies\glm\gtc\ulp.hpp
		Solution Items\Dependencies\glm\gtc\ulp.inl = Solution Items\Dependencies\glm\gtc\ulp.inl
		Solution Items\Dependencies\glm\gtc\vec1.hpp = Solution Items\Dependencies\glm\gtc\vec1.hpp
	EndProjectSection
EndProject
Project("{2150E333-8FDC-42A3-9474-1A3956D46DE8}") = "ext", "ext", "{CD990C4B-A00C-4CC2-83AB-75D1E0511ED7}"
	ProjectSection(SolutionItems) = preProject
		Solution Items\Dependencies\glm\ext\_matrix_vectorize.hpp = Solution Items\Dependencies\glm\ext\_matrix_vectorize.hpp
		Solution Items\Dependencies\glm\ext\matrix_clip_space.hpp = Solution Items\Dependencies\glm\ext\matrix_clip_space.hpp
		Solution Items\Dependencies\glm\ext\matrix_clip_space.inl = Solution Items\Dependencies\glm\ext\matrix_clip_space.inl
		Solution Items\Dependencies\glm\ext\matrix_common.hpp = Solution Items\Dependencies\glm\ext\matrix_common.hpp
		Solution Items\Dependencies\glm\ext\matrix_common.inl = Solution Items\Dependencies\glm\ext\matrix_common.inl
		Solution Items\Dependencies\glm\ext\matrix_double2x2.hpp = Solution Items\Dependencies\glm\ext\matrix_double2x2.hpp
		Solution Items\Dependencies\glm\ext\matrix_double2x2_precision.hpp = Solution Items\Dependencies\glm\ext\matrix_double2x2_precision.hpp
		Solution Items\Dependencies\glm\ext\matrix_double2x3.hpp = Solution Items\Dependencies\glm\ext\matrix_double2x3.hpp
		Solution Items\Dependencies\glm\ext\matrix_double2x3_precision.hpp = Solution Items\Dependencies\glm\ext\matrix_double2x3_precision.hpp
		Solution Items\Dependencies\glm\ext\matrix_double2x4.hpp = Solution Items\Dependencies\glm\ext\matrix_double2x4.hpp
		Solution Items\Dependencies\glm\ext\matrix_double2x4_precision.hpp = Solution Items\Dependencies\glm\ext\matrix_double2x4_precision.hpp
		Solution Items\Dependencies\glm\ext\matrix_double3x2.hpp = Solution Items\Dependencies\glm\ext\matrix_double3x2.hpp
		Solution Items\Dependencies\glm\ext\matrix_double3x2_precision.hpp = Solution Items\Dependencies\glm\ext\matrix_double3x2_precision.hpp
		Solution Items\Dependencies\glm\ext\matrix_double3x3.hpp = Solution Items\Dependencies\glm\ext\matrix_double3x3.hpp
		Solution Items\Dependencies\glm\ext\matrix_double3x3_precision.hpp = Solution Items\Dependencies\glm\ext\matrix_double3x3_precision.hpp
		Solution Items\Dependencies\glm\ext\matrix_double3x4.hpp = Solution Items\Dependencies\glm\ext\matrix_double3x4.hpp
		Solution Items\Dependencies\glm\ext\matrix_double3x4_precision.hpp = Solution Items\Dependencies\glm\ext\matrix_double3x4_precision.hpp
		Solution Items\Dependencies\glm\ext\matrix_double4x2.hpp = Solution Items\Dependencies\glm\ext\matrix_double4x2.hpp
		Solution Items\Dependencies\glm\ext\matrix_double4x2_precision.hpp = Solution Items\Dependencies\glm\ext\matrix_double4x2_precision.hpp
		Solution Items\Dependencies\glm\ext\matrix_double4x3.hpp = Solution Items\Dependencies\glm\ext\matrix_double4x3.hpp
		Solution Items\Dependencies\glm\ext\matrix_double4x3_precision.hpp = Solution Items\Dependencies\glm\ext\matrix_double4x3_precision.hpp
		Solution Items\Dependencies\glm\ext\matrix_double4x4.hpp = Solution Items\Dependencies\glm\ext\matrix_double4x4.hpp
		Solution Items\Dependencies\glm\ext\matrix_double4x4_precision.hpp = Solution Items\Dependencies\glm\ext\matrix_double4x4_precision.hpp
		Solution Items\Dependencies\glm\ext\matrix_float2x2.hpp = Solution Items\Dependencies\glm\ext\matrix_float2x2.hpp
		Solution Items\Dependencies\glm\ext\matrix_float2x2_precision.hpp = Solution Items\Dependencies\glm\ext\matrix_float2x2_precision.hpp
		Solution Items\Dependencies\glm\ext\matrix_float2x3.hpp = Solution Items\Dependencies\glm\ext\matrix_float2x3.hpp
		Solution Items\Dependencies\glm\ext\matrix_float2x3_precision.hpp = Solution Items\Dependencies\glm\ext\matrix_float2x3_precision.hpp
		Solution Items\Dependencies\glm\ext\matrix_float2x4.hpp = Solution Items\Dependencies\glm\ext\matrix_float2x4.hpp
		Solution Items\Dependencies\glm\ext\matrix_float2x4_precision.hpp = Solution Items\Dependencies\glm\ext\matrix_float2x4_precision.hpp
		Solution Items\Dependencies\glm\ext\matrix_float3x2.hpp = Solution Items\Dependencies\glm\ext\matrix_float3x2.hpp
		Solution Items\Dependencies\glm\ext\matrix_float3x2_precision.hpp = Solution Items\Dependencies\glm\ext\matrix_float3x2_precision.hpp
		Solution Items\Dependencies\glm\ext\matrix_float3x3.hpp = Solution Items\Dependencies\glm\ext\matrix_float3x3.hpp
		Solution Items\Dependencies\glm\ext\matrix_float3x3_precision.hpp = Solution Items\Dependencies\glm\ext\matrix_float3x3_precision.hpp
		Solution Items\Dependencies\glm\ext\matrix_float3x4.hpp = Solution Items\Dependencies\glm\ext\matrix_float3x4.hpp
		Solution Items\Dependencies\glm\ext\matrix_float3x4_precision.hpp = Solution Items\Dependencies\glm\ext\matrix_float3x4_precision.hpp
		Solution Items\Dependencies\glm\ext\matrix_float4x2.hpp = Solution Items\Dependencies\glm\ext\matrix_float4x2.hpp
		Solution Items\Dependencies\glm\ext\matrix_float4x2_precision.hpp = Solution Items\Dependencies\glm\ext\matrix_float4x2_precision.hpp
		Solution Items\Dependencies\glm\ext\matrix_float4x3.hpp = Solution Items\Dependencies\glm\ext\matrix_float4x3.hpp
		Solution Items\Dependencies\glm\ext\matrix_float4x3_precision.hpp = Solution Items\Dependencies\glm\ext\matrix_float4x3_precision.hpp
		Solution Items\Dependencies\glm\ext\matrix_float4x4.hpp = Solution Items\Dependencies\glm\ext\matrix_float4x4.hpp
		Solution Items\Dependencies\glm\ext\matrix_float4x4_precision.hpp = Solution Items\Dependencies\glm\ext\matrix_float4x4_precision.hpp
		Solution Items\Dependencies\glm\ext\matrix_int2x2.hpp = Solution Items\Dependencies\glm\ext\matrix_int2x2.hpp
		Solution Items\Dependencies\glm\ext\matrix_int2x2_sized.hpp = Solution Items\Dependencies\glm\ext\matrix_int2x2_sized.hpp
		Solution Items\Dependencies\glm\ext\matrix_int2x3.hpp = Solution Items\Dependencies\glm\ext\matrix_int2x3.hpp
		Solution Items\Dependencies\glm\ext\matrix_int2x3_sized.hpp = Solution Items\Dependencies\glm\ext\matrix_int2x3_sized.hpp
		Solution Items\Dependencies\glm\ext\matrix_int2x4.hpp = Solution Items\Dependencies\glm\ext\matrix_int2x4.hpp
		Solution Items\Dependencies\glm\ext\matrix_int2x4_sized.hpp = Solution Items\Dependencies\glm\ext\matrix_int2x4_sized.hpp
		Solution Items\Dependencies\glm\ext\matrix_int3x2.hpp = Solution Items\Dependencies\glm\ext\matrix_int3x2.hpp
		Solution Items\Dependencies\glm\ext\matrix_int3x2_sized.hpp = Solution Items\Dependencies\glm\ext\matrix_int3x2_sized.hpp
		Solution Items\Dependencies\glm\ext\matrix_int3x3.hpp = Solution Items\Dependencies\glm\ext\matrix_int3x3.hpp
		Solution Items\Dependencies\glm\ext\matrix_int3x3_sized.hpp = Solution Items\Dependencies\glm\ext\matrix_int3x3_sized.hpp
		Solution Items\Dependencies\glm\ext\matrix_int3x4.hpp = Solution Items\Dependencies\glm\ext\matrix_int3x4.hpp
		Solution Items\Dependencies\glm\ext\matrix_int3x4_sized.hpp = Solution Items\Dependencies\glm\ext\matrix_int3x4_sized.hpp
		Solution Items\Dependencies\glm\ext\matrix_int4x2.hpp = Solution Items\Dependencies\glm\ext\matrix_int4x2.hpp
		Solution Items\Dependencies\glm\ext\matrix_int4x2_sized.hpp = Solution Items\Dependencies\glm\ext\matrix_int4x2_sized.hpp
		Solution Items\Dependencies\glm\ext\matrix_int4x3.hpp = Solution Items\Dependencies\glm\ext\matrix_int4x3.hpp
		Solution Items\Dependencies\glm\ext\matrix_int4x3_sized.hpp = Solution Items\Dependencies\glm\ext\matrix_int4x3_sized.hpp
		Solution Items\Dependencies\glm\ext\matrix_int4x4.hpp = Solution Items\Dependencies\glm\ext\matrix_int4x4.hpp
		Solution Items\Dependencies\glm\ext\matrix_int4x4_sized.hpp = Solution Items\Dependencies\glm\ext\matrix_int4x4_sized.hpp
		Solution Items\Dependencies\glm\ext\matrix_integer.hpp = Solution Items\Dependencies\glm\ext\matrix_integer.hpp
		Solution Items\Dependencies\glm\ext\matrix_integer.inl = Solution Items\Dependencies\glm\ext\matrix_integer.inl
		Solution Items\Dependencies\glm\ext\matrix_projection.hpp = Solution Items\Dependencies\glm\ext\matrix_projection.hpp
		Solution Items\Dependencies\glm\ext\matrix_projection.inl = Solution Items\Dependencies\glm\ext\matrix_projection.inl
		Solution Items\Dependencies\glm\ext\matrix_relational.hpp = Solution Items\Dependencies\glm\ext\matrix_relational.hpp
		Solution Items\Dependencies\glm\ext\matrix_relational.inl = Solution Items\Dependencies\glm\ext\matrix_relational.inl
		Solution Items\Dependencies\glm\ext\matrix_transform.hpp = Solution Items\Dependencies\glm\ext\matrix_transform.hpp
		Solution Items\Dependencies\glm\ext\matrix_transform.inl = Solution Items\Dependencies\glm\ext\matrix_transform.inl
		Solution Items\Dependencies\glm\ext\matrix_uint2x2.hpp = Solution Items\Dependencies\glm\ext\matrix_uint2x2.hpp
		Solution Items\Dependencies\glm\ext\matrix_uint2x2_sized.hpp = Solution Items\Dependencies\glm\ext\matrix_uint2x2_sized.hpp
		Solution Items\Dependencies\glm\ext\matrix_uint2x3.hpp = Solution Items\Dependencies\glm\ext\matrix_uint2x3.hpp
		Solution Items\Dependencies\glm\ext\matrix_uint2x3_sized.hpp = Solution Items\Dependencies\glm\ext\matrix_uint2x3_sized.hpp
		Solution Items\Dependencies\glm\ext\matrix_uint2x4.hpp = Solution Items\Dependencies\glm\ext\matrix_uint2x4.hpp
		Solution Items\Dependencies\glm\ext\matrix_uint2x4_sized.hpp = Solution Items\Dependencies\glm\ext\matrix_uint2x4_sized.hpp
		Solution Items\Dependencies\glm\ext\matrix_uint3x2.hpp = Solution Items\Dependencies\glm\ext\matrix_uint3x2.hpp
		Solution Items\Dependencies\glm\ext\matrix_uint3x2_sized.hpp = Solution Items\Dependencies\glm\ext\matrix_uint3x2_sized.hpp
		Solution Items\Dependencies\glm\ext\matrix_uint3x3.hpp = Solution Items\Dependencies\glm\ext\matrix_uint3x3.hpp
		Solution Items\Dependencies\glm\ext\matrix_uint3x3_sized.hpp = Solution Items\Dependencies\glm\ext\matrix_uint3x3_sized.hpp
		Solution Items\Dependencies\glm\ext\matrix_uint3x4.hpp = Solution Items\Dependencies\glm\ext\matrix_uint3x4.hpp
		Solution Items\Dependencies\glm\ext\matrix_uint3x4_sized.hpp = Solution Items\Dependencies\glm\ext\matrix_uint3x4_sized.hpp
		Solution Items\Dependencies\glm\ext\matrix_uint4x2.hpp = Solution Items\Dependencies\glm\ext\matrix_uint4x2.hpp
		Solution Items\Dependencies\glm\ext\matrix_uint4x2_sized.hpp = Solution Items\Dependencies\glm\ext\matrix_uint4x2_sized.hpp
		Solution Items\Dependencies\glm\ext\matrix_uint4x3.hpp = Solution Items\Dependencies\glm\ext\matrix_uint4x3.hpp
		Solution Items\Dependencies\glm\ext\matrix_uint4x3_sized.hpp = Solution Items\Dependencies\glm\ext\matrix_uint4x3_sized.hpp
		Solution Items\Dependencies\glm\ext\matrix_uint4x4.hpp = Solution Items\Dependencies\glm\ext\matrix_uint4x4.hpp
		Solution Items\Dependencies\glm\ext\matrix_uint4x4_sized.hpp = Solution Items\Dependencies\glm\ext\matrix_uint4x4_sized.hpp
		Solution Items\Dependencies\glm\ext\quaternion_common.hpp = Solution Items\Dependencies\glm\ext\quaternion_common.hpp
		Solution Items\Dependencies\glm\ext\quaternion_common.inl = Solution Items\Dependencies\glm\ext\quaternion_common.inl
		Solution Items\Dependencies\glm\ext\quaternion_common_simd.inl = Solution Items\Dependencies\glm\ext\quaternion_common_simd.inl
		Solution Items\Dependencies\glm\ext\quaternion_double.hpp = Solution Items\Dependencies\glm\ext\quaternion_double.hpp
		Solution Items\Dependencies\glm\ext\quaternion_double_precision.hpp = Solution Items\Dependencies\glm\ext\quaternion_double_precision.hpp
		Solution Items\Dependencies\glm\ext\quaternion_exponential.hpp = Solution Items\Dependencies\glm\ext\quaternion_exponential.hpp
		Solution Items\Dependencies\glm\ext\quaternion_exponential.inl = Solution Items\Dependencies\glm\ext\quaternion_exponential.inl
		Solution Items\Dependencies\glm\ext\quaternion_float.hpp = Solution Items\Dependencies\glm\ext\quaternion_float.hpp
		Solution Items\Dependencies\glm\ext\quaternion_float_precision.hpp = Solution Items\Dependencies\glm\ext\quaternion_float_precision.hpp
		Solution Items\Dependencies\glm\ext\quaternion_geometric.hpp = Solution Items\Dependencies\glm\ext\quaternion_geometric.hpp
		Solution Items\Dependencies\glm\ext\quaternion_geometric.inl = Solution Items\Dependencies\glm\ext\quaternion_geometric.inl
		Solution Items\Dependencies\glm\ext\quaternion_relational.hpp = Solution Items\Dependencies\glm\ext\quaternion_relational.hpp
		Solution Items\Dependencies\glm\ext\quaternion_relational.inl = Solution Items\Dependencies\glm\ext\quaternion_relational.inl
		Solution Items\Dependencies\glm\ext\quaternion_transform.hpp = Solution Items\Dependencies\glm\ext\quaternion_transform.hpp
		Solution Items\Dependencies\glm\ext\quaternion_transform.inl = Solution Items\Dependencies\glm\ext\quaternion_transform.inl
		Solution Items\Dependencies\glm\ext\quaternion_trigonometric.hpp = Solution Items\Dependencies\glm\ext\quaternion_trigonometric.hpp
		Solution Items\Dependencies\glm\ext\quaternion_trigonometric.inl = Solution Items\Dependencies\glm\ext\quaternion_trigonometric.inl
		Solution Items\Dependencies\glm\ext\scalar_common.hpp = Solution Items\Dependencies\glm\ext\scalar_common.hpp
		Solution Items\Dependencies\glm\ext\scalar_common.inl = Solution Items\Dependencies\glm\ext\scalar_common.inl
		Solution Items\Dependencies\glm\ext\scalar_constants.hpp = Solution Items\Dependencies\glm\ext\scalar_constants.hpp
		Solution Items\Dependencies\glm\ext\scalar_constants.inl = Solution Items\Dependencies\glm\ext\scalar_constants.inl
		Solution Items\Dependencies\glm\ext\scalar_int_sized.hpp = Solution Items\Dependencies\glm\ext\scalar_int_sized.hpp
		Solution Items\Dependencies\glm\ext\scalar_integer.hpp = Solution Items\Dependencies\glm\ext\scalar_integer.hpp
		Solution Items\Dependencies\glm\ext\scalar_integer.inl = Solution Items\Dependencies\glm\ext\scalar_integer.inl
		Solution Items\Dependencies\glm\ext\scalar_packing.hpp = Solution Items\Dependencies\glm\ext\scalar_packing.hpp
		Solution Items\Dependencies\glm\ext\scalar_packing.inl = Solution Items\Dependencies\glm\ext\scalar_packing.inl
		Solution Items\Dependencies\glm\ext\scalar_reciprocal.hpp = Solution Items\Dependencies\glm\ext\scalar_reciprocal.hpp
		Solution Items\Dependencies\glm\ext\scalar_reciprocal.inl = Solution Items\Dependencies\glm\ext\scalar_reciprocal.inl
		Solution Items\Dependencies\glm\ext\scalar_relational.hpp = Solution Items\Dependencies\glm\ext\scalar_relational.hpp
		Solution Items\Dependencies\glm\ext\scalar_relational.inl = Solution Items\Dependencies\glm\ext\scalar_relational.inl
		Solution Items\Dependencies\glm\ext\scalar_uint_sized.hpp = Solution Items\Dependencies\glm\ext\scalar_uint_sized.hpp
		Solution Items\Dependencies\glm\ext\scalar_ulp.hpp = Solution Items\Dependencies\glm\ext\scalar_ulp.hpp
		Solution Items\Dependencies\glm\ext\scalar_ulp.inl = Solution Items\Dependencies\glm\ext\scalar_ulp.inl
		Solution Items\Dependencies\glm\ext\vector_bool1.hpp = Solution Items\Dependencies\glm\ext\vector_bool1.hpp
		Solution Items\Dependencies\glm\ext\vector_bool1_precision.hpp = Solution Items\Dependencies\glm\ext\vector_bool1_precision.hpp
		Solution Items\Dependencies\glm\ext\vector_bool2.hpp = Solution Items\Dependencies\glm\ext\vector_bool2.hpp
		Solution Items\Dependencies\glm\ext\vector_bool2_precision.hpp = Solution Items\Dependencies\glm\ext\vector_bool2_precision.hpp
		Solution Items\Dependencies\glm\ext\vector_bool3.hpp = Solution Items\Dependencies\glm\ext\vector_bool3.hpp
		Solution Items\Dependencies\glm\ext\vector_bool3_precision.hpp = Solution Items\Dependencies\glm\ext\vector_bool3_precision.hpp
		Solution Items\Dependencies\glm\ext\vector_bool4.hpp = Solution Items\Dependencies\glm\ext\vector_bool4.hpp
		Solution Items\Dependencies\glm\ext\vector_bool4_precision.hpp = Solution Items\Dependencies\glm\ext\vector_bool4_precision.hpp
		Solution Items\Dependencies\glm\ext\vector_common.hpp = Solution Items\Dependencies\glm\ext\vector_common.hpp
		Solution Items\Dependencies\glm\ext\vector_common.inl = Solution Items\Dependencies\glm\ext\vector_common.inl
		Solution Items\Dependencies\glm\ext\vector_double1.hpp = Solution Items\Dependencies\glm\ext\vector_double1.hpp
		Solution Items\Dependencies\glm\ext\vector_double1_precision.hpp = Solution Items\Dependencies\glm\ext\vector_double1_precision.hpp
		Solution Items\Dependencies\glm\ext\vector_double2.hpp = Solution Items\Dependencies\glm\ext\vector_double2.hpp
		Solution Items\Dependencies\glm\ext\vector_double2_precision.hpp = Solution Items\Dependencies\glm\ext\vector_double2_precision.hpp
		Solution Items\Dependencies\glm\ext\vector_double3.hpp = Solution Items\Dependencies\glm\ext\vector_double3.hpp
		Solution Items\Dependencies\glm\ext\vector_double3_precision.hpp = Solution Items\Dependencies\glm\ext\vector_double3_precision.hpp
		Solution Items\Dependencies\glm\ext\vector_double4.hpp = Solution Items\Dependencies\glm\ext\vector_double4.hpp
		Solution Items\Dependencies\glm\ext\vector_double4_precision.hpp = Solution Items\Dependencies\glm\ext\vector_double4_precision.hpp
		Solution Items\Dependencies\glm\ext\vector_float1.hpp = Solution Items\Dependencies\glm\ext\vector_float1.hpp
		Solution Items\Dependencies\glm\ext\vector_float1_precision.hpp = Solution Items\Dependencies\glm\ext\vector_float1_precision.hpp
		Solution Items\Dependencies\glm\ext\vector_float2.hpp = Solution Items\Dependencies\glm\ext\vector_float2.hpp
		Solution Items\Dependencies\glm\ext\vector_float2_precision.hpp = Solution Items\Dependencies\glm\ext\vector_float2_precision.hpp
		Solution Items\Dependencies\glm\ext\vector_float3.hpp = Solution Items\Dependencies\glm\ext\vector_float3.hpp
		Solution Items\Dependencies\glm\ext\vector_float3_precision.hpp = Solution Items\Dependencies\glm\ext\vector_float3_precision.hpp
		Solution Items\Dependencies\glm\ext\vector_float4.hpp = Solution Items\Dependencies\glm\ext\vector_float4.hpp
		Solution Items\Dependencies\glm\ext\vector_float4_precision.hpp = Solution Items\Dependencies\glm\ext\vector_float4_precision.hpp
		Solution Items\Dependencies\glm\ext\vector_int1.hpp = Solution Items\Dependencies\glm\ext\vector_int1.hpp
		Solution Items\Dependencies\glm\ext\vector_int1_sized.hpp = Solution Items\Dependencies\glm\ext\vector_int1_sized.hpp
		Solution Items\Dependencies\glm\ext\vector_int2.hpp = Solution Items\Dependencies\glm\ext\vector_int2.hpp
		Solution Items\Dependencies\glm\ext\vector_int2_sized.hpp = Solution Items\Dependencies\glm\ext\vector_int2_sized.hpp
		Solution Items\Dependencies\glm\ext\vector_int3.hpp = Solution Items\Dependencies\glm\ext\vector_int3.hpp
		Solution Items\Dependencies\glm\ext\vector_int3_sized.hpp = Solution Items\Dependencies\glm\ext\vector_int3_sized.hpp
		Solution Items\Dependencies\glm\ext\vector_int4.hpp = Solution Items\Dependencies\glm\ext\vector_int4.hpp
		Solution Items\Dependencies\glm\ext\vector_int4_sized.hpp = Solution Items\Dependencies\glm\ext\vector_int4_sized.hpp
		Solution Items\Dependencies\glm\ext\vector_integer.hpp = Solution Items\Dependencies\glm\ext\vector_integer.hpp
		Solution Items\Dependencies\glm\ext\vector_integer.inl = Solution Items\Dependencies\glm\ext\vector_integer.inl
		Solution Items\Dependencies\glm\ext\vector_packing.hpp = Solution Items\Dependencies\glm\ext\vector_packing.hpp
		Solution Items\Dependencies\glm\ext\vector_packing.inl = Solution Items\Dependencies\glm\ext\vector_packing.inl
		Solution Items\Dependencies\glm\ext\vector_reciprocal.hpp = Solution Items\Dependencies\glm\ext\vector_reciprocal.hpp
		Solution Items\Dependencies\glm\ext\vector_reciprocal.inl = Solution Items\Dependencies\glm\ext\vector_reciprocal.inl
		Solution Items\Dependencies\glm\ext\vector_relational.hpp = Solution Items\Dependencies\glm\ext\vector_relational.hpp
		Solution Items\Dependencies\glm\ext\vector_relational.inl = Solution Items\Dependencies\glm\ext\vector_relational.inl
		Solution Items\Dependencies\glm\ext\vector_uint1.hpp = Solution Items\Dependencies\glm\ext\vector_uint1.hpp
		Solution Items\Dependencies\glm\ext\vector_uint1_sized.hpp = Solution Items\Dependencies\glm\ext\vector_uint1_sized.hpp
		Solution Items\Dependencies\glm\ext\vector_uint2.hpp = Solution Items\Dependencies\glm\ext\vector_uint2.hpp
		Solution Items\Dependencies\glm\ext\vector_uint2_sized.hpp = Solution Items\Dependencies\glm\ext\vector_uint2_sized.hpp
		Solution Items\Dependencies\glm\ext\vector_uint3.hpp = Solution Items\Dependencies\glm\ext\vector_uint3.hpp
		Solution Items\Dependencies\glm\ext\vector_uint3_sized.hpp = Solution Items\Dependencies\glm\ext\vector_uint3_sized.hpp
		Solution Items\Dependencies\glm\ext\vector_uint4.hpp = Solution Items\Dependencies\glm\ext\vector_uint4.hpp
		Solution Items\Dependencies\glm\ext\vector_uint4_sized.hpp = Solution Items\Dependencies\glm\ext\vector_uint4_sized.hpp
		Solution Items\Dependencies\glm\ext\vector_ulp.hpp = Solution Items\Dependencies\glm\ext\vector_ulp.hpp
		Solution Items\Dependencies\glm\ext\vector_ulp.inl = Solution Items\Dependencies\glm\ext\vector_ulp.inl
	EndProjectSection
EndProject
Project("{2150E333-8FDC-42A3-9474-1A3956D46DE8}") = "detail", "detail", "{D5957FDD-32C0-4A28-A3DC-9335BEB9A294}"
	ProjectSection(SolutionItems) = preProject
		Solution Items\Dependencies\glm\detail\_features.hpp = Solution Items\Dependencies\glm\detail\_features.hpp
		Solution Items\Dependencies\glm\detail\_fixes.hpp = Solution Items\Dependencies\glm\detail\_fixes.hpp
		Solution Items\Dependencies\glm\detail\_noise.hpp = Solution Items\Dependencies\glm\detail\_noise.hpp
		Solution Items\Dependencies\glm\detail\_swizzle.hpp = Solution Items\Dependencies\glm\detail\_swizzle.hpp
		Solution Items\Dependencies\glm\detail\_swizzle_func.hpp = Solution Items\Dependencies\glm\detail\_swizzle_func.hpp
		Solution Items\Dependencies\glm\detail\_vectorize.hpp = Solution Items\Dependencies\glm\detail\_vectorize.hpp
		Solution Items\Dependencies\glm\detail\compute_common.hpp = Solution Items\Dependencies\glm\detail\compute_common.hpp
		Solution Items\Dependencies\glm\detail\compute_vector_relational.hpp = Solution Items\Dependencies\glm\detail\compute_vector_relational.hpp
		Solution Items\Dependencies\glm\detail\func_common.inl = Solution Items\Dependencies\glm\detail\func_common.inl
		Solution Items\Dependencies\glm\detail\func_common_simd.inl = Solution Items\Dependencies\glm\detail\func_common_simd.inl
		Solution Items\Dependencies\glm\detail\func_exponential.inl = Solution Items\Dependencies\glm\detail\func_exponential.inl
		Solution Items\Dependencies\glm\detail\func_exponential_simd.inl = Solution Items\Dependencies\glm\detail\func_exponential_simd.inl
		Solution Items\Dependencies\glm\detail\func_geometric.inl = Solution Items\Dependencies\glm\detail\func_geometric.inl
		Solution Items\Dependencies\glm\detail\func_geometric_simd.inl = Solution Items\Dependencies\glm\detail\func_geometric_simd.inl
		Solution Items\Dependencies\glm\detail\func_integer.inl = Solution Items\Dependencies\glm\detail\func_integer.inl
		Solution Items\Dependencies\glm\detail\func_integer_simd.inl = Solution Items\Dependencies\glm\detail\func_integer_simd.inl
		Solution Items\Dependencies\glm\detail\func_matrix.inl = Solution Items\Dependencies\glm\detail\func_matrix.inl
		Solution Items\Dependencies\glm\detail\func_matrix_simd.inl = Solution Items\Dependencies\glm\detail\func_matrix_simd.inl
		Solution Items\Dependencies\glm\detail\func_packing.inl = Solution Items\Dependencies\glm\detail\func_packing.inl
		Solution Items\Dependencies\glm\detail\func_packing_simd.inl = Solution Items\Dependencies\glm\detail\func_packing_simd.inl
		Solution Items\Dependencies\glm\detail\func_trigonometric.inl = Solution Items\Dependencies\glm\detail\func_trigonometric.inl
		Solution Items\Dependencies\glm\detail\func_trigonometric_simd.inl = Solution Items\Dependencies\glm\detail\func_trigonometric_simd.inl
		Solution Items\Dependencies\glm\detail\func_vector_relational.inl = Solution Items\Dependencies\glm\detail\func_vector_relational.inl
		Solution Items\Dependencies\glm\detail\func_vector_relational_simd.inl = Solution Items\Dependencies\glm\detail\func_vector_relational_simd.inl
		Solution Items\Dependencies\glm\detail\glm.cpp = Solution Items\Dependencies\glm\detail\glm.cpp
		Solution Items\Dependencies\glm\detail\qualifier.hpp = Solution Items\Dependencies\glm\detail\qualifier.hpp
		Solution Items\Dependencies\glm\detail\setup.hpp = Solution Items\Dependencies\glm\detail\setup.hpp
		Solution Items\Dependencies\glm\detail\type_float.hpp = Solution Items\Dependencies\glm\detail\type_float.hpp
		Solution Items\Dependencies\glm\detail\type_half.hpp = Solution Items\Dependencies\glm\detail\type_half.hpp
		Solution Items\Dependencies\glm\detail\type_half.inl = Solution Items\Dependencies\glm\detail\type_half.inl
		Solution Items\Dependencies\glm\detail\type_mat2x2.hpp = Solution Items\Dependencies\glm\detail\type_mat2x2.hpp
		Solution Items\Dependencies\glm\detail\type_mat2x2.inl = Solution Items\Dependencies\glm\detail\type_mat2x2.inl
		Solution Items\Dependencies\glm\detail\type_mat2x3.hpp = Solution Items\Dependencies\glm\detail\type_mat2x3.hpp
		Solution Items\Dependencies\glm\detail\type_mat2x3.inl = Solution Items\Dependencies\glm\detail\type_mat2x3.inl
		Solution Items\Dependencies\glm\detail\type_mat2x4.hpp = Solution Items\Dependencies\glm\detail\type_mat2x4.hpp
		Solution Items\Dependencies\glm\detail\type_mat2x4.inl = Solution Items\Dependencies\glm\detail\type_mat2x4.inl
		Solution Items\Dependencies\glm\detail\type_mat3x2.hpp = Solution Items\Dependencies\glm\detail\type_mat3x2.hpp
		Solution Items\Dependencies\glm\detail\type_mat3x2.inl = Solution Items\Dependencies\glm\detail\type_mat3x2.inl
		Solution Items\Dependencies\glm\detail\type_mat3x3.hpp = Solution Items\Dependencies\glm\detail\type_mat3x3.hpp
		Solution Items\Dependencies\glm\detail\type_mat3x3.inl = Solution Items\Dependencies\glm\detail\type_mat3x3.inl
		Solution Items\Dependencies\glm\detail\type_mat3x4.hpp = Solution Items\Dependencies\glm\detail\type_mat3x4.hpp
		Solution Items\Dependencies\glm\detail\type_mat3x4.inl = Solution Items\Dependencies\glm\detail\type_mat3x4.inl
		Solution Items\Dependencies\glm\detail\type_mat4x2.hpp = Solution Items\Dependencies\glm\detail\type_mat4x2.hpp
		Solution Items\Dependencies\glm\detail\type_mat4x2.inl = Solution Items\Dependencies\glm\detail\type_mat4x2.inl
		Solution Items\Dependencies\glm\detail\type_mat4x3.hpp = Solution Items\Dependencies\glm\detail\type_mat4x3.hpp
		Solution Items\Dependencies\glm\detail\type_mat4x3.inl = Solution Items\Dependencies\glm\detail\type_mat4x3.inl
		Solution Items\Dependencies\glm\detail\type_mat4x4.hpp = Solution Items\Dependencies\glm\detail\type_mat4x4.hpp
		Solution Items\Dependencies\glm\detail\type_mat4x4.inl = Solution Items\Dependencies\glm\detail\type_mat4x4.inl
		Solution Items\Dependencies\glm\detail\type_mat4x4_simd.inl = Solution Items\Dependencies\glm\detail\type_mat4x4_simd.inl
		Solution Items\Dependencies\glm\detail\type_quat.hpp = Solution Items\Dependencies\glm\detail\type_quat.hpp
		Solution Items\Dependencies\glm\detail\type_quat.inl = Solution Items\Dependencies\glm\detail\type_quat.inl
		Solution Items\Dependencies\glm\detail\type_quat_simd.inl = Solution Items\Dependencies\glm\detail\type_quat_simd.inl
		Solution Items\Dependencies\glm\detail\type_vec1.hpp = Solution Items\Dependencies\glm\detail\type_vec1.hpp
		Solution Items\Dependencies\glm\detail\type_vec1.inl = Solution Items\Dependencies\glm\detail\type_vec1.inl
		Solution Items\Dependencies\glm\detail\type_vec2.hpp = Solution Items\Dependencies\glm\detail\type_vec2.hpp
		Solution Items\Dependencies\glm\detail\type_vec2.inl = Solution Items\Dependencies\glm\detail\type_vec2.inl
		Solution Items\Dependencies\glm\detail\type_vec3.hpp = Solution Items\Dependencies\glm\detail\type_vec3.hpp
		Solution Items\Dependencies\glm\detail\type_vec3.inl = Solution Items\Dependencies\glm\detail\type_vec3.inl
		Solution Items\Dependencies\glm\detail\type_vec4.hpp = Solution Items\Dependencies\glm\detail\type_vec4.hpp
		Solution Items\Dependencies\glm\detail\type_vec4.inl = Solution Items\Dependencies\glm\detail\type_vec4.inl
		Solution Items\Dependencies\glm\detail\type_vec4_simd.inl = Solution Items\Dependencies\glm\detail\type_vec4_simd.inl
	EndProjectSection
EndProject
Global
	GlobalSection(SolutionConfigurationPlatforms) = preSolution
		Debug|x64 = Debug|x64
		Debug|x86 = Debug|x86
		Release|x64 = Release|x64
		Release|x86 = Release|x86
	EndGlobalSection
	GlobalSection(ProjectConfigurationPlatforms) = postSolution
		{08381B2D-8314-433E-BF45-DA2A8120CD1C}.Debug|x64.ActiveCfg = Debug|x64
		{08381B2D-8314-433E-BF45-DA2A8120CD1C}.Debug|x64.Build.0 = Debug|x64
		{08381B2D-8314-433E-BF45-DA2A8120CD1C}.Debug|x86.ActiveCfg = Debug|Win32
		{08381B2D-8314-433E-BF45-DA2A8120CD1C}.Debug|x86.Build.0 = Debug|Win32
		{08381B2D-8314-433E-BF45-DA2A8120CD1C}.Release|x64.ActiveCfg = Release|x64
		{08381B2D-8314-433E-BF45-DA2A8120CD1C}.Release|x64.Build.0 = Release|x64
		{08381B2D-8314-433E-BF45-DA2A8120CD1C}.Release|x86.ActiveCfg = Release|Win32
		{08381B2D-8314-433E-BF45-DA2A8120CD1C}.Release|x86.Build.0 = Release|Win32
		{68C3E485-470B-472E-9037-D5C55E2C3445}.Debug|x64.ActiveCfg = Debug|x64
		{68C3E485-470B-472E-9037-D5C55E2C3445}.Debug|x64.Build.0 = Debug|x64
		{68C3E485-470B-472E-9037-D5C55E2C3445}.Debug|x86.ActiveCfg = Debug|Win32
		{68C3E485-470B-472E-9037-D5C55E2C3445}.Debug|x86.Build.0 = Debug|Win32
		{68C3E485-470B-472E-9037-D5C55E2C3445}.Release|x64.ActiveCfg = Release|x64
		{68C3E485-470B-472E-9037-D5C55E2C3445}.Release|x64.Build.0 = Release|x64
		{68C3E485-470B-472E-9037-D5C55E2C3445}.Release|x86.ActiveCfg = Release|Win32
		{68C3E485-470B-472E-9037-D5C55E2C3445}.Release|x86.Build.0 = Release|Win32
		{D9311C7B-2922-4CF7-B675-E852437E5AF1}.Debug|x64.ActiveCfg = Debug|x64
		{D9311C7B-2922-4CF7-B675-E852437E5AF1}.Debug|x64.Build.0 = Debug|x64
		{D9311C7B-2922-4CF7-B675-E852437E5AF1}.Debug|x86.ActiveCfg = Debug|Win32
		{D9311C7B-2922-4CF7-B675-E852437E5AF1}.Debug|x86.Build.0 = Debug|Win32
		{D9311C7B-2922-4CF7-B675-E852437E5AF1}.Release|x64.ActiveCfg = Release|x64
		{D9311C7B-2922-4CF7-B675-E852437E5AF1}.Release|x64.Build.0 = Release|x64
		{D9311C7B-2922-4CF7-B675-E852437E5AF1}.Release|x86.ActiveCfg = Release|Win32
		{D9311C7B-2922-4CF7-B675-E852437E5AF1}.Release|x86.Build.0 = Release|Win32
	EndGlobalSection
	GlobalSection(SolutionProperties) = preSolution
		HideSolutionNode = FALSE
	EndGlobalSection
	GlobalSection(NestedProjects) = preSolution
		{26A72D42-5B46-4528-BD79-3F03B1FDA3F2} = {23D102BA-00DD-4B01-B0B5-E781D23E7659}
		{3D2C8559-BF61-4B18-BDAB-F077070CEE5C} = {26A72D42-5B46-4528-BD79-3F03B1FDA3F2}
		{C87AC09C-2AF2-4450-B925-E483613B55E0} = {3D2C8559-BF61-4B18-BDAB-F077070CEE5C}
		{A79D8052-59D3-4F6A-9FFA-307739BE29B0} = {3D2C8559-BF61-4B18-BDAB-F077070CEE5C}
		{C35E59D7-3876-4993-BB11-8BD229C6BCCB} = {3D2C8559-BF61-4B18-BDAB-F077070CEE5C}
		{CD990C4B-A00C-4CC2-83AB-75D1E0511ED7} = {3D2C8559-BF61-4B18-BDAB-F077070CEE5C}
		{D5957FDD-32C0-4A28-A3DC-9335BEB9A294} = {3D2C8559-BF61-4B18-BDAB-F077070CEE5C}
	EndGlobalSection
	GlobalSection(ExtensibilityGlobals) = postSolution
		SolutionGuid = {29741911-A567-43A7-8EF5-FAAE1EC7BA76}
	EndGlobalSection
EndGlobal
