
Microsoft Visual Studio Solution File, Format Version 12.00
# Visual Studio Version 16
VisualStudioVersion = 16.0.32929.386
MinimumVisualStudioVersion = 10.0.40219.1
Project("{8BC9CEB8-8B4A-11D0-8D11-00A0C91BC942}") = "Wordle", "Wordle\Wordle.vcxproj", "{08381B2D-8314-433E-BF45-DA2A8120CD1C}"
	ProjectSection(ProjectDependencies) = postProject
		{D9311C7B-2922-4CF7-B675-E852437E5AF1} = {D9311C7B-2922-4CF7-B675-E852437E5AF1}
		{68C3E485-470B-472E-9037-D5C55E2C3445} = {68C3E485-470B-472E-9037-D5C55E2C3445}
	EndProjectSection
EndProject
Project("{8BC9CEB8-8B4A-11D0-8D11-00A0C91BC942}") = "WordleAPI", "WordleAPI\WordleAPI.vcxproj", "{68C3E485-470B-472E-9037-D5C55E2C3445}"
EndProject
Project("{8BC9CEB8-8B4A-11D0-8D11-00A0C91BC942}") = "WordleBot", "WordleBot\WordleBot.vcxproj", "{D9311C7B-2922-4CF7-B675-E852437E5AF1}"
	ProjectSection(ProjectDependencies) = postProject
		{68C3E485-470B-472E-9037-D5C55E2C3445} = {68C3E485-470B-472E-9037-D5C55E2C3445}
	EndProjectSection
EndProject
Project("{2150E333-8FDC-42A3-9474-1A3956D46DE8}") = "Solution Items", "Solution Items", "{49DC84E3-BC3A-4072-9B0E-E05A9D3AD1F5}"
EndProject
Project("{2150E333-8FDC-42A3-9474-1A3956D46DE8}") = "Resources", "Resources", "{1FDD1981-1E49-4674-AB41-A2A4A33867B9}"
EndProject
Project("{2150E333-8FDC-42A3-9474-1A3956D46DE8}") = "Text", "Text", "{43A912A7-81A3-406E-9CFC-47B7CDD6C7C1}"
	ProjectSection(SolutionItems) = preProject
		Solution Items\Resources\Text\WordList.txt = Solution Items\Resources\Text\WordList.txt
	EndProjectSection
EndProject
Project("{2150E333-8FDC-42A3-9474-1A3956D46DE8}") = "ReadMe Resources", "ReadMe Resources", "{75057814-6BED-4FF3-AFB7-9B1939DFB61F}"
	ProjectSection(SolutionItems) = preProject
		Solution Items\ReadMe Resources\Banner.png = Solution Items\ReadMe Resources\Banner.png
	EndProjectSection
EndProject
Global
	GlobalSection(SolutionConfigurationPlatforms) = preSolution
		Debug|x64 = Debug|x64
		Debug|x86 = Debug|x86
		Release|x64 = Release|x64
		Release|x86 = Release|x86
	EndGlobalSection
	GlobalSection(ProjectConfigurationPlatforms) = postSolution
		{08381B2D-8314-433E-BF45-DA2A8120CD1C}.Debug|x64.ActiveCfg = Debug|x64
		{08381B2D-8314-433E-BF45-DA2A8120CD1C}.Debug|x64.Build.0 = Debug|x64
		{08381B2D-8314-433E-BF45-DA2A8120CD1C}.Debug|x86.ActiveCfg = Debug|Win32
		{08381B2D-8314-433E-BF45-DA2A8120CD1C}.Debug|x86.Build.0 = Debug|Win32
		{08381B2D-8314-433E-BF45-DA2A8120CD1C}.Release|x64.ActiveCfg = Release|x64
		{08381B2D-8314-433E-BF45-DA2A8120CD1C}.Release|x64.Build.0 = Release|x64
		{08381B2D-8314-433E-BF45-DA2A8120CD1C}.Release|x86.ActiveCfg = Release|Win32
		{08381B2D-8314-433E-BF45-DA2A8120CD1C}.Release|x86.Build.0 = Release|Win32
		{68C3E485-470B-472E-9037-D5C55E2C3445}.Debug|x64.ActiveCfg = Debug|x64
		{68C3E485-470B-472E-9037-D5C55E2C3445}.Debug|x64.Build.0 = Debug|x64
		{68C3E485-470B-472E-9037-D5C55E2C3445}.Debug|x86.ActiveCfg = Debug|Win32
		{68C3E485-470B-472E-9037-D5C55E2C3445}.Debug|x86.Build.0 = Debug|Win32
		{68C3E485-470B-472E-9037-D5C55E2C3445}.Release|x64.ActiveCfg = Release|x64
		{68C3E485-470B-472E-9037-D5C55E2C3445}.Release|x64.Build.0 = Release|x64
		{68C3E485-470B-472E-9037-D5C55E2C3445}.Release|x86.ActiveCfg = Release|Win32
		{68C3E485-470B-472E-9037-D5C55E2C3445}.Release|x86.Build.0 = Release|Win32
		{D9311C7B-2922-4CF7-B675-E852437E5AF1}.Debug|x64.ActiveCfg = Debug|x64
		{D9311C7B-2922-4CF7-B675-E852437E5AF1}.Debug|x64.Build.0 = Debug|x64
		{D9311C7B-2922-4CF7-B675-E852437E5AF1}.Debug|x86.ActiveCfg = Debug|Win32
		{D9311C7B-2922-4CF7-B675-E852437E5AF1}.Debug|x86.Build.0 = Debug|Win32
		{D9311C7B-2922-4CF7-B675-E852437E5AF1}.Release|x64.ActiveCfg = Release|x64
		{D9311C7B-2922-4CF7-B675-E852437E5AF1}.Release|x64.Build.0 = Release|x64
		{D9311C7B-2922-4CF7-B675-E852437E5AF1}.Release|x86.ActiveCfg = Release|Win32
		{D9311C7B-2922-4CF7-B675-E852437E5AF1}.Release|x86.Build.0 = Release|Win32
	EndGlobalSection
	GlobalSection(SolutionProperties) = preSolution
		HideSolutionNode = FALSE
	EndGlobalSection
	GlobalSection(NestedProjects) = preSolution
		{1FDD1981-1E49-4674-AB41-A2A4A33867B9} = {49DC84E3-BC3A-4072-9B0E-E05A9D3AD1F5}
		{43A912A7-81A3-406E-9CFC-47B7CDD6C7C1} = {1FDD1981-1E49-4674-AB41-A2A4A33867B9}
		{75057814-6BED-4FF3-AFB7-9B1939DFB61F} = {49DC84E3-BC3A-4072-9B0E-E05A9D3AD1F5}
	EndGlobalSection
	GlobalSection(ExtensibilityGlobals) = postSolution
		SolutionGuid = {29741911-A567-43A7-8EF5-FAAE1EC7BA76}
	EndGlobalSection
EndGlobal
